
Microsoft Visual Studio Solution File, Format Version 12.00
# Visual Studio 14
VisualStudioVersion = 14.0.23107.0
MinimumVisualStudioVersion = 10.0.40219.1
Project("{2150E333-8FDC-42A3-9474-1A3956D46DE8}") = "Solution Items", "Solution Items", "{F2E725C1-AF92-4DED-A582-8F5AE812E305}"
	ProjectSection(SolutionItems) = preProject
		global.json = global.json
	EndProjectSection
EndProject
Project("{2150E333-8FDC-42A3-9474-1A3956D46DE8}") = "src", "src", "{C20BE24E-BF4E-48BE-A6AA-3029FF2C92FA}"
EndProject
Project("{2150E333-8FDC-42A3-9474-1A3956D46DE8}") = "Common", "Common", "{697135C0-5688-4752-B7A9-3A443D77AA03}"
EndProject
Project("{2150E333-8FDC-42A3-9474-1A3956D46DE8}") = "Domain", "Domain", "{B474335A-5A91-4924-AE97-0FE43E94199B}"
EndProject
Project("{2150E333-8FDC-42A3-9474-1A3956D46DE8}") = "Infrastructure", "Infrastructure", "{B7DD92A4-49B9-4477-80DE-40C99EBCE224}"
EndProject
Project("{2150E333-8FDC-42A3-9474-1A3956D46DE8}") = "Services", "Services", "{161643D8-7EB0-45D8-870B-DE09F97799D1}"
EndProject
Project("{2150E333-8FDC-42A3-9474-1A3956D46DE8}") = "Web", "Web", "{EADEBDBD-839F-4843-9BA2-45904B79A11D}"
EndProject
Project("{2150E333-8FDC-42A3-9474-1A3956D46DE8}") = "Database", "Database", "{8D05DEDE-43D6-40D6-B771-CB55C501F4AB}"
EndProject
Project("{2150E333-8FDC-42A3-9474-1A3956D46DE8}") = "Tests", "Tests", "{FD07776B-6AF3-418E-8093-118100DFFA59}"
EndProject
Project("{8BB2217D-0F2D-49D1-97BC-3654ED321F3B}") = "Monad.EHR.Common", "src\Monad.EHR.Common\Monad.EHR.Common.xproj", "{23EB2C1C-72E5-46E0-B77F-32C951FE05AD}"
EndProject
Project("{8BB2217D-0F2D-49D1-97BC-3654ED321F3B}") = "Monad.EHR.Database", "src\Monad.EHR.Database\Monad.EHR.Database.sqlproj", "{5EF9F012-511F-4F6C-87C8-01B866FF07F9}"
EndProject
Project("{8BB2217D-0F2D-49D1-97BC-3654ED321F3B}") = "Monad.EHR.Domain.Entities", "src\Monad.EHR.Domain.Entities\Monad.EHR.Domain.Entities.xproj", "{8CA0F02B-114E-4CAB-90D1-68518CB3E148}"
EndProject
Project("{8BB2217D-0F2D-49D1-97BC-3654ED321F3B}") = "Monad.EHR.Domain.Interfaces", "src\Monad.EHR.Domain.Interfaces\Monad.EHR.Domain.Interfaces.xproj", "{88AE9A1F-C4AF-43B0-9B5B-B305DD805DCE}"
EndProject
Project("{8BB2217D-0F2D-49D1-97BC-3654ED321F3B}") = "Monad.EHR.Infrastructure.Data", "src\Monad.EHR.Infrastructure.Data\Monad.EHR.Infrastructure.Data.xproj", "{412C95E0-AFB1-4081-B2B3-BAE28DCCA457}"
EndProject
Project("{8BB2217D-0F2D-49D1-97BC-3654ED321F3B}") = "Monad.EHR.Services.Interface", "src\Monad.EHR.Services.Interface\Monad.EHR.Services.Interface.xproj", "{27586190-38B2-47EC-9B4B-DB476B1BEC17}"
EndProject
Project("{8BB2217D-0F2D-49D1-97BC-3654ED321F3B}") = "Monad.EHR.Services.Business", "src\Monad.EHR.Services.Business\Monad.EHR.Services.Business.xproj", "{264BE954-0437-4C66-ACDC-A7C514220950}"
EndProject
Project("{8BB2217D-0F2D-49D1-97BC-3654ED321F3B}") = "Monad.EHR.Infrastructure.StateManagement", "src\Monad.EHR.Infrastructure.StateManagement\Monad.EHR.Infrastructure.StateManagement.xproj", "{A281EE7D-ACF9-412F-A803-BC96D0CEA930}"
EndProject
Project("{8BB2217D-0F2D-49D1-97BC-3654ED321F3B}") = "Monad.EHR.Infrastructure.DependencyResolver", "src\Monad.EHR.Infrastructure.DependencyResolver\Monad.EHR.Infrastructure.DependencyResolver.xproj", "{6C0A680F-C55A-418A-8628-B1EE3985DA00}"
EndProject
Project("{8BB2217D-0F2D-49D1-97BC-3654ED321F3B}") = "Monad.EHR.Web.App", "src\Monad.EHR.Web.App\Monad.EHR.Web.App.xproj", "{1A243F0F-CA5D-449A-9EBD-797EAB416CE1}"
EndProject

Global
	GlobalSection(SolutionConfigurationPlatforms) = preSolution
		Debug|Any CPU = Debug|Any CPU
		Release|Any CPU = Release|Any CPU
	EndGlobalSection
	GlobalSection(SolutionProperties) = preSolution
		HideSolutionNode = FALSE
	EndGlobalSection
	GlobalSection(ProjectConfigurationPlatforms) = postSolution
				{23EB2C1C-72E5-46E0-B77F-32C951FE05AD}.Debug|Any CPU.ActiveCfg = Debug|Any CPU
		{23EB2C1C-72E5-46E0-B77F-32C951FE05AD}.Debug|Any CPU.Build.0 = Debug|Any CPU
		{23EB2C1C-72E5-46E0-B77F-32C951FE05AD}.Release|Any CPU.ActiveCfg = Release|Any CPU
		{23EB2C1C-72E5-46E0-B77F-32C951FE05AD}.Release|Any CPU.Build.0 = Release|Any CPU
		{5EF9F012-511F-4F6C-87C8-01B866FF07F9}.Debug|Any CPU.ActiveCfg = Debug|Any CPU
		{5EF9F012-511F-4F6C-87C8-01B866FF07F9}.Debug|Any CPU.Build.0 = Debug|Any CPU
		{5EF9F012-511F-4F6C-87C8-01B866FF07F9}.Release|Any CPU.ActiveCfg = Release|Any CPU
		{5EF9F012-511F-4F6C-87C8-01B866FF07F9}.Release|Any CPU.Build.0 = Release|Any CPU
		{8CA0F02B-114E-4CAB-90D1-68518CB3E148}.Debug|Any CPU.ActiveCfg = Debug|Any CPU
		{8CA0F02B-114E-4CAB-90D1-68518CB3E148}.Debug|Any CPU.Build.0 = Debug|Any CPU
		{8CA0F02B-114E-4CAB-90D1-68518CB3E148}.Release|Any CPU.ActiveCfg = Release|Any CPU
		{8CA0F02B-114E-4CAB-90D1-68518CB3E148}.Release|Any CPU.Build.0 = Release|Any CPU
		{88AE9A1F-C4AF-43B0-9B5B-B305DD805DCE}.Debug|Any CPU.ActiveCfg = Debug|Any CPU
		{88AE9A1F-C4AF-43B0-9B5B-B305DD805DCE}.Debug|Any CPU.Build.0 = Debug|Any CPU
		{88AE9A1F-C4AF-43B0-9B5B-B305DD805DCE}.Release|Any CPU.ActiveCfg = Release|Any CPU
		{88AE9A1F-C4AF-43B0-9B5B-B305DD805DCE}.Release|Any CPU.Build.0 = Release|Any CPU
		{412C95E0-AFB1-4081-B2B3-BAE28DCCA457}.Debug|Any CPU.ActiveCfg = Debug|Any CPU
		{412C95E0-AFB1-4081-B2B3-BAE28DCCA457}.Debug|Any CPU.Build.0 = Debug|Any CPU
		{412C95E0-AFB1-4081-B2B3-BAE28DCCA457}.Release|Any CPU.ActiveCfg = Release|Any CPU
		{412C95E0-AFB1-4081-B2B3-BAE28DCCA457}.Release|Any CPU.Build.0 = Release|Any CPU
		{27586190-38B2-47EC-9B4B-DB476B1BEC17}.Debug|Any CPU.ActiveCfg = Debug|Any CPU
		{27586190-38B2-47EC-9B4B-DB476B1BEC17}.Debug|Any CPU.Build.0 = Debug|Any CPU
		{27586190-38B2-47EC-9B4B-DB476B1BEC17}.Release|Any CPU.ActiveCfg = Release|Any CPU
		{27586190-38B2-47EC-9B4B-DB476B1BEC17}.Release|Any CPU.Build.0 = Release|Any CPU
		{264BE954-0437-4C66-ACDC-A7C514220950}.Debug|Any CPU.ActiveCfg = Debug|Any CPU
		{264BE954-0437-4C66-ACDC-A7C514220950}.Debug|Any CPU.Build.0 = Debug|Any CPU
		{264BE954-0437-4C66-ACDC-A7C514220950}.Release|Any CPU.ActiveCfg = Release|Any CPU
		{264BE954-0437-4C66-ACDC-A7C514220950}.Release|Any CPU.Build.0 = Release|Any CPU
		{A281EE7D-ACF9-412F-A803-BC96D0CEA930}.Debug|Any CPU.ActiveCfg = Debug|Any CPU
		{A281EE7D-ACF9-412F-A803-BC96D0CEA930}.Debug|Any CPU.Build.0 = Debug|Any CPU
		{A281EE7D-ACF9-412F-A803-BC96D0CEA930}.Release|Any CPU.ActiveCfg = Release|Any CPU
		{A281EE7D-ACF9-412F-A803-BC96D0CEA930}.Release|Any CPU.Build.0 = Release|Any CPU
		{6C0A680F-C55A-418A-8628-B1EE3985DA00}.Debug|Any CPU.ActiveCfg = Debug|Any CPU
		{6C0A680F-C55A-418A-8628-B1EE3985DA00}.Debug|Any CPU.Build.0 = Debug|Any CPU
		{6C0A680F-C55A-418A-8628-B1EE3985DA00}.Release|Any CPU.ActiveCfg = Release|Any CPU
		{6C0A680F-C55A-418A-8628-B1EE3985DA00}.Release|Any CPU.Build.0 = Release|Any CPU
		{1A243F0F-CA5D-449A-9EBD-797EAB416CE1}.Debug|Any CPU.ActiveCfg = Debug|Any CPU
		{1A243F0F-CA5D-449A-9EBD-797EAB416CE1}.Debug|Any CPU.Build.0 = Debug|Any CPU
		{1A243F0F-CA5D-449A-9EBD-797EAB416CE1}.Release|Any CPU.ActiveCfg = Release|Any CPU
		{1A243F0F-CA5D-449A-9EBD-797EAB416CE1}.Release|Any CPU.Build.0 = Release|Any CPU
 	EndGlobalSection
		
	GlobalSection(NestedProjects) = preSolution
		{8D05DEDE-43D6-40D6-B771-CB55C501F4AB} = {C20BE24E-BF4E-48BE-A6AA-3029FF2C92FA}
		{697135C0-5688-4752-B7A9-3A443D77AA03} = {C20BE24E-BF4E-48BE-A6AA-3029FF2C92FA}
		{B474335A-5A91-4924-AE97-0FE43E94199B} = {C20BE24E-BF4E-48BE-A6AA-3029FF2C92FA}
		{B7DD92A4-49B9-4477-80DE-40C99EBCE224} = {C20BE24E-BF4E-48BE-A6AA-3029FF2C92FA}
		{161643D8-7EB0-45D8-870B-DE09F97799D1} = {C20BE24E-BF4E-48BE-A6AA-3029FF2C92FA}
		{EADEBDBD-839F-4843-9BA2-45904B79A11D} = {C20BE24E-BF4E-48BE-A6AA-3029FF2C92FA}
		{FD07776B-6AF3-418E-8093-118100DFFA59} = {C20BE24E-BF4E-48BE-A6AA-3029FF2C92FA}
			{23EB2C1C-72E5-46E0-B77F-32C951FE05AD} = {697135C0-5688-4752-B7A9-3A443D77AA03}
	{5EF9F012-511F-4F6C-87C8-01B866FF07F9} = {8D05DEDE-43D6-40D6-B771-CB55C501F4AB}
	{8CA0F02B-114E-4CAB-90D1-68518CB3E148} = {B474335A-5A91-4924-AE97-0FE43E94199B}
	{88AE9A1F-C4AF-43B0-9B5B-B305DD805DCE} = {B474335A-5A91-4924-AE97-0FE43E94199B}
	{412C95E0-AFB1-4081-B2B3-BAE28DCCA457} = {B7DD92A4-49B9-4477-80DE-40C99EBCE224}
	{27586190-38B2-47EC-9B4B-DB476B1BEC17} = {161643D8-7EB0-45D8-870B-DE09F97799D1}
	{264BE954-0437-4C66-ACDC-A7C514220950} = {161643D8-7EB0-45D8-870B-DE09F97799D1}
	{A281EE7D-ACF9-412F-A803-BC96D0CEA930} = {B7DD92A4-49B9-4477-80DE-40C99EBCE224}
	{6C0A680F-C55A-418A-8628-B1EE3985DA00} = {B7DD92A4-49B9-4477-80DE-40C99EBCE224}
	{1A243F0F-CA5D-449A-9EBD-797EAB416CE1} = {EADEBDBD-839F-4843-9BA2-45904B79A11D}
 	EndGlobalSection
EndGlobal