Microsoft Visual Studio Solution File, Format Version 12.00
# Visual Studio 14
VisualStudioVersion = 14.0.24720.0
MinimumVisualStudioVersion = 10.0.40219.1
Project("{2150E333-8FDC-42A3-9474-1A3956D46DE8}") = "Solution Items", "Solution Items", "{EBE74C54-7903-4193-9EC8-EB30B580FB6E}"
	ProjectSection(SolutionItems) = preProject
		global.json = global.json
	EndProjectSection
EndProject
Project("{2150E333-8FDC-42A3-9474-1A3956D46DE8}") = "src", "src", "{BCC93749-2328-4D88-B210-2D1F4BF1FFBC}"
EndProject
Project("{2150E333-8FDC-42A3-9474-1A3956D46DE8}") = "Common", "Common", "{706A65C9-1F07-435E-A349-C54CE8660BB8}"
EndProject
Project("{2150E333-8FDC-42A3-9474-1A3956D46DE8}") = "Domain", "Domain", "{945EFD0E-88D5-4276-B6EE-AECB183C75B0}"
EndProject
Project("{2150E333-8FDC-42A3-9474-1A3956D46DE8}") = "Infrastructure", "Infrastructure", "{84E19D5F-EEF4-482D-90ED-B1C7B862183C}"
EndProject
Project("{2150E333-8FDC-42A3-9474-1A3956D46DE8}") = "Services", "Services", "{5C04BBF3-EB50-4565-A776-E5464DC9A5F5}"
EndProject
Project("{2150E333-8FDC-42A3-9474-1A3956D46DE8}") = "Web", "Web", "{F2A90E46-8CE6-4E62-8CBA-34733CDA4259}"
EndProject
Project("{2150E333-8FDC-42A3-9474-1A3956D46DE8}") = "Database", "Database", "{209A4A15-945E-4DEE-A0D8-0054C14D377C}"
EndProject
Project("{2150E333-8FDC-42A3-9474-1A3956D46DE8}") = "Tests", "Tests", "{8C0DB509-AE1B-4706-B29C-591B7D9EB3FA}"
EndProject
Project("{8BB2217D-0F2D-49D1-97BC-3654ED321F3B}") = "Monad.EHR.Common", "src\Monad.EHR.Common\Monad.EHR.Common.xproj", "{959C2233-3CC7-4504-AAEF-6F83D139C4F3}"
EndProject
Project("{8BB2217D-0F2D-49D1-97BC-3654ED321F3B}") = "Monad.EHR.Domain.Entities", "src\Monad.EHR.Domain.Entities\Monad.EHR.Domain.Entities.xproj", "{477E0AC1-8CFB-4CC3-AE89-507C7C280E26}"
EndProject
Project("{8BB2217D-0F2D-49D1-97BC-3654ED321F3B}") = "Monad.EHR.Domain.Interfaces", "src\Monad.EHR.Domain.Interfaces\Monad.EHR.Domain.Interfaces.xproj", "{BC74B29E-4A77-4FD5-9C21-91466939B8E0}"
EndProject
Project("{8BB2217D-0F2D-49D1-97BC-3654ED321F3B}") = "Monad.EHR.Infrastructure.Data", "src\Monad.EHR.Infrastructure.Data\Monad.EHR.Infrastructure.Data.xproj", "{F8F022FB-7254-42CB-937B-21EA4D8237B6}"
EndProject
Project("{8BB2217D-0F2D-49D1-97BC-3654ED321F3B}") = "Monad.EHR.Services.Interface", "src\Monad.EHR.Services.Interface\Monad.EHR.Services.Interface.xproj", "{B773571E-FC37-4062-8D1A-197F3408EFF0}"
EndProject
Project("{8BB2217D-0F2D-49D1-97BC-3654ED321F3B}") = "Monad.EHR.Services.Business", "src\Monad.EHR.Services.Business\Monad.EHR.Services.Business.xproj", "{FE67C64D-4A4A-434C-9C84-B5902563BBAF}"
EndProject
Project("{8BB2217D-0F2D-49D1-97BC-3654ED321F3B}") = "Monad.EHR.Infrastructure.StateManagement", "src\Monad.EHR.Infrastructure.StateManagement\Monad.EHR.Infrastructure.StateManagement.xproj", "{E95914E4-5982-4A63-BF7F-4187FA8884E5}"
EndProject
Project("{8BB2217D-0F2D-49D1-97BC-3654ED321F3B}") = "Monad.EHR.Infrastructure.DependencyResolver", "src\Monad.EHR.Infrastructure.DependencyResolver\Monad.EHR.Infrastructure.DependencyResolver.xproj", "{6FD1C841-6F64-467D-A935-F67475098E1A}"
EndProject
Project("{8BB2217D-0F2D-49D1-97BC-3654ED321F3B}") = "Monad.EHR.Web.App", "src\Monad.EHR.Web.App\Monad.EHR.Web.App.xproj", "{E4938228-C9F7-46F3-943E-2C2AE35DF49F}"
EndProject
Project("{00D1A9C2-B5F0-4AF3-8072-F6C62B433612}") = "Monad.EHR.Database", "src\Monad.EHR.Database\Monad.EHR.Database.sqlproj", "{9D35639F-9E6D-4986-9854-8D7E6C6B70CB}"
EndProject
Global
	GlobalSection(SolutionConfigurationPlatforms) = preSolution
		Debug|Any CPU = Debug|Any CPU
		Release|Any CPU = Release|Any CPU
	EndGlobalSection
	GlobalSection(ProjectConfigurationPlatforms) = postSolution
		{959C2233-3CC7-4504-AAEF-6F83D139C4F3}.Debug|Any CPU.ActiveCfg = Debug|Any CPU
		{959C2233-3CC7-4504-AAEF-6F83D139C4F3}.Debug|Any CPU.Build.0 = Debug|Any CPU
		{959C2233-3CC7-4504-AAEF-6F83D139C4F3}.Release|Any CPU.ActiveCfg = Release|Any CPU
		{959C2233-3CC7-4504-AAEF-6F83D139C4F3}.Release|Any CPU.Build.0 = Release|Any CPU
		{477E0AC1-8CFB-4CC3-AE89-507C7C280E26}.Debug|Any CPU.ActiveCfg = Debug|Any CPU
		{477E0AC1-8CFB-4CC3-AE89-507C7C280E26}.Debug|Any CPU.Build.0 = Debug|Any CPU
		{477E0AC1-8CFB-4CC3-AE89-507C7C280E26}.Release|Any CPU.ActiveCfg = Release|Any CPU
		{477E0AC1-8CFB-4CC3-AE89-507C7C280E26}.Release|Any CPU.Build.0 = Release|Any CPU
		{BC74B29E-4A77-4FD5-9C21-91466939B8E0}.Debug|Any CPU.ActiveCfg = Debug|Any CPU
		{BC74B29E-4A77-4FD5-9C21-91466939B8E0}.Debug|Any CPU.Build.0 = Debug|Any CPU
		{BC74B29E-4A77-4FD5-9C21-91466939B8E0}.Release|Any CPU.ActiveCfg = Release|Any CPU
		{BC74B29E-4A77-4FD5-9C21-91466939B8E0}.Release|Any CPU.Build.0 = Release|Any CPU
		{F8F022FB-7254-42CB-937B-21EA4D8237B6}.Debug|Any CPU.ActiveCfg = Debug|Any CPU
		{F8F022FB-7254-42CB-937B-21EA4D8237B6}.Debug|Any CPU.Build.0 = Debug|Any CPU
		{F8F022FB-7254-42CB-937B-21EA4D8237B6}.Release|Any CPU.ActiveCfg = Release|Any CPU
		{F8F022FB-7254-42CB-937B-21EA4D8237B6}.Release|Any CPU.Build.0 = Release|Any CPU
		{B773571E-FC37-4062-8D1A-197F3408EFF0}.Debug|Any CPU.ActiveCfg = Debug|Any CPU
		{B773571E-FC37-4062-8D1A-197F3408EFF0}.Debug|Any CPU.Build.0 = Debug|Any CPU
		{B773571E-FC37-4062-8D1A-197F3408EFF0}.Release|Any CPU.ActiveCfg = Release|Any CPU
		{B773571E-FC37-4062-8D1A-197F3408EFF0}.Release|Any CPU.Build.0 = Release|Any CPU
		{FE67C64D-4A4A-434C-9C84-B5902563BBAF}.Debug|Any CPU.ActiveCfg = Debug|Any CPU
		{FE67C64D-4A4A-434C-9C84-B5902563BBAF}.Debug|Any CPU.Build.0 = Debug|Any CPU
		{FE67C64D-4A4A-434C-9C84-B5902563BBAF}.Release|Any CPU.ActiveCfg = Release|Any CPU
		{FE67C64D-4A4A-434C-9C84-B5902563BBAF}.Release|Any CPU.Build.0 = Release|Any CPU
		{E95914E4-5982-4A63-BF7F-4187FA8884E5}.Debug|Any CPU.ActiveCfg = Debug|Any CPU
		{E95914E4-5982-4A63-BF7F-4187FA8884E5}.Debug|Any CPU.Build.0 = Debug|Any CPU
		{E95914E4-5982-4A63-BF7F-4187FA8884E5}.Release|Any CPU.ActiveCfg = Release|Any CPU
		{E95914E4-5982-4A63-BF7F-4187FA8884E5}.Release|Any CPU.Build.0 = Release|Any CPU
		{6FD1C841-6F64-467D-A935-F67475098E1A}.Debug|Any CPU.ActiveCfg = Debug|Any CPU
		{6FD1C841-6F64-467D-A935-F67475098E1A}.Debug|Any CPU.Build.0 = Debug|Any CPU
		{6FD1C841-6F64-467D-A935-F67475098E1A}.Release|Any CPU.ActiveCfg = Release|Any CPU
		{6FD1C841-6F64-467D-A935-F67475098E1A}.Release|Any CPU.Build.0 = Release|Any CPU
		{E4938228-C9F7-46F3-943E-2C2AE35DF49F}.Debug|Any CPU.ActiveCfg = Debug|Any CPU
		{E4938228-C9F7-46F3-943E-2C2AE35DF49F}.Debug|Any CPU.Build.0 = Debug|Any CPU
		{E4938228-C9F7-46F3-943E-2C2AE35DF49F}.Release|Any CPU.ActiveCfg = Release|Any CPU
		{E4938228-C9F7-46F3-943E-2C2AE35DF49F}.Release|Any CPU.Build.0 = Release|Any CPU
		{9D35639F-9E6D-4986-9854-8D7E6C6B70CB}.Debug|Any CPU.ActiveCfg = Debug|Any CPU
		{9D35639F-9E6D-4986-9854-8D7E6C6B70CB}.Debug|Any CPU.Build.0 = Debug|Any CPU
		{9D35639F-9E6D-4986-9854-8D7E6C6B70CB}.Debug|Any CPU.Deploy.0 = Debug|Any CPU
		{9D35639F-9E6D-4986-9854-8D7E6C6B70CB}.Release|Any CPU.ActiveCfg = Release|Any CPU
		{9D35639F-9E6D-4986-9854-8D7E6C6B70CB}.Release|Any CPU.Build.0 = Release|Any CPU
		{9D35639F-9E6D-4986-9854-8D7E6C6B70CB}.Release|Any CPU.Deploy.0 = Release|Any CPU
	EndGlobalSection
	GlobalSection(SolutionProperties) = preSolution
		HideSolutionNode = FALSE
	EndGlobalSection
	GlobalSection(NestedProjects) = preSolution
		{706A65C9-1F07-435E-A349-C54CE8660BB8} = {BCC93749-2328-4D88-B210-2D1F4BF1FFBC}
		{945EFD0E-88D5-4276-B6EE-AECB183C75B0} = {BCC93749-2328-4D88-B210-2D1F4BF1FFBC}
		{84E19D5F-EEF4-482D-90ED-B1C7B862183C} = {BCC93749-2328-4D88-B210-2D1F4BF1FFBC}
		{5C04BBF3-EB50-4565-A776-E5464DC9A5F5} = {BCC93749-2328-4D88-B210-2D1F4BF1FFBC}
		{F2A90E46-8CE6-4E62-8CBA-34733CDA4259} = {BCC93749-2328-4D88-B210-2D1F4BF1FFBC}
		{209A4A15-945E-4DEE-A0D8-0054C14D377C} = {BCC93749-2328-4D88-B210-2D1F4BF1FFBC}
		{8C0DB509-AE1B-4706-B29C-591B7D9EB3FA} = {BCC93749-2328-4D88-B210-2D1F4BF1FFBC}
		{959C2233-3CC7-4504-AAEF-6F83D139C4F3} = {706A65C9-1F07-435E-A349-C54CE8660BB8}
		{477E0AC1-8CFB-4CC3-AE89-507C7C280E26} = {945EFD0E-88D5-4276-B6EE-AECB183C75B0}
		{BC74B29E-4A77-4FD5-9C21-91466939B8E0} = {945EFD0E-88D5-4276-B6EE-AECB183C75B0}
		{F8F022FB-7254-42CB-937B-21EA4D8237B6} = {84E19D5F-EEF4-482D-90ED-B1C7B862183C}
		{B773571E-FC37-4062-8D1A-197F3408EFF0} = {5C04BBF3-EB50-4565-A776-E5464DC9A5F5}
		{FE67C64D-4A4A-434C-9C84-B5902563BBAF} = {5C04BBF3-EB50-4565-A776-E5464DC9A5F5}
		{E95914E4-5982-4A63-BF7F-4187FA8884E5} = {84E19D5F-EEF4-482D-90ED-B1C7B862183C}
		{6FD1C841-6F64-467D-A935-F67475098E1A} = {84E19D5F-EEF4-482D-90ED-B1C7B862183C}
		{E4938228-C9F7-46F3-943E-2C2AE35DF49F} = {F2A90E46-8CE6-4E62-8CBA-34733CDA4259}
		{9D35639F-9E6D-4986-9854-8D7E6C6B70CB} = {209A4A15-945E-4DEE-A0D8-0054C14D377C}
	EndGlobalSection
EndGlobal
