Microsoft Visual Studio Solution File, Format Version 12.00
# Visual Studio 14
VisualStudioVersion = 14.0.23107.0
MinimumVisualStudioVersion = 10.0.40219.1
Project("{2150E333-8FDC-42A3-9474-1A3956D46DE8}") = "Solution Items", "Solution Items", "{1A8642D7-824B-48C2-83BE-0957F2780450}"
	ProjectSection(SolutionItems) = preProject
		global.json = global.json
	EndProjectSection
EndProject
Project("{2150E333-8FDC-42A3-9474-1A3956D46DE8}") = "src", "src", "{B41B599A-4FC8-4F84-BC0E-E22E5887EDBC}"
EndProject
Project("{2150E333-8FDC-42A3-9474-1A3956D46DE8}") = "Common", "Common", "{60056C24-0F7E-4AE9-9E03-7B31EC703D6A}"
EndProject
Project("{2150E333-8FDC-42A3-9474-1A3956D46DE8}") = "Domain", "Domain", "{988215C1-15C2-4D9F-8C88-1F11EA544D91}"
EndProject
Project("{2150E333-8FDC-42A3-9474-1A3956D46DE8}") = "Infrastructure", "Infrastructure", "{E91AB898-3936-44AB-AF4F-869AAF1B1BAE}"
EndProject
Project("{2150E333-8FDC-42A3-9474-1A3956D46DE8}") = "Services", "Services", "{C42E1427-3BD6-42AB-A6CE-78B87255E374}"
EndProject
Project("{2150E333-8FDC-42A3-9474-1A3956D46DE8}") = "Web", "Web", "{90AB3D8F-4A06-47A1-BC0C-82E35E946691}"
EndProject
Project("{2150E333-8FDC-42A3-9474-1A3956D46DE8}") = "Database", "Database", "{8DCB473F-DF18-4627-8DAE-F4F75D103CD7}"
EndProject
Project("{2150E333-8FDC-42A3-9474-1A3956D46DE8}") = "Tests", "Tests", "{87E55B5A-5151-472E-910B-F9290B70DF7B}"
EndProject
Project("{8BB2217D-0F2D-49D1-97BC-3654ED321F3B}") = "Monad.EHR.Common", "src\Monad.EHR.Common\Monad.EHR.Common.xproj", "{5307CF18-4A7A-4BC3-BB94-58171BC91F8C}"
EndProject
Project("{8BB2217D-0F2D-49D1-97BC-3654ED321F3B}") = "Monad.EHR.Database", "src\Monad.EHR.Database\Monad.EHR.Database.sqlproj", "{A4225924-1CF1-47B1-A910-CFC1DBEEA32F}"
EndProject
Project("{8BB2217D-0F2D-49D1-97BC-3654ED321F3B}") = "Monad.EHR.Domain.Entities", "src\Monad.EHR.Domain.Entities\Monad.EHR.Domain.Entities.xproj", "{619C1631-CF09-4C35-8C16-3241F2D495C1}"
EndProject
Project("{8BB2217D-0F2D-49D1-97BC-3654ED321F3B}") = "Monad.EHR.Domain.Interfaces", "src\Monad.EHR.Domain.Interfaces\Monad.EHR.Domain.Interfaces.xproj", "{C4F96AB2-F291-42E2-A03D-28DD0056069D}"
EndProject
Project("{8BB2217D-0F2D-49D1-97BC-3654ED321F3B}") = "Monad.EHR.Infrastructure.Data", "src\Monad.EHR.Infrastructure.Data\Monad.EHR.Infrastructure.Data.xproj", "{E59CD19A-C1F0-403C-BF3B-C36EE938E99C}"
EndProject
Project("{8BB2217D-0F2D-49D1-97BC-3654ED321F3B}") = "Monad.EHR.Services.Interface", "src\Monad.EHR.Services.Interface\Monad.EHR.Services.Interface.xproj", "{B066E513-6B84-48CE-AF72-0B81AA711219}"
EndProject
Project("{8BB2217D-0F2D-49D1-97BC-3654ED321F3B}") = "Monad.EHR.Services.Business", "src\Monad.EHR.Services.Business\Monad.EHR.Services.Business.xproj", "{BB821EA4-D7E7-4CCF-B7A4-CA686CD9BB22}"
EndProject
Project("{8BB2217D-0F2D-49D1-97BC-3654ED321F3B}") = "Monad.EHR.Infrastructure.StateManagement", "src\Monad.EHR.Infrastructure.StateManagement\Monad.EHR.Infrastructure.StateManagement.xproj", "{954175D4-8D39-429A-8D71-1B0D67FAF5CA}"
EndProject
Project("{8BB2217D-0F2D-49D1-97BC-3654ED321F3B}") = "Monad.EHR.Infrastructure.DependencyResolver", "src\Monad.EHR.Infrastructure.DependencyResolver\Monad.EHR.Infrastructure.DependencyResolver.xproj", "{E5A43607-8239-4EE8-87F0-9C77F53652B4}"
EndProject
Project("{8BB2217D-0F2D-49D1-97BC-3654ED321F3B}") = "Monad.EHR.Web.App", "src\Monad.EHR.Web.App\Monad.EHR.Web.App.xproj", "{297BC280-6407-47D4-8659-1EB3E520DCF9}"
EndProject
Global
	GlobalSection(SolutionConfigurationPlatforms) = preSolution
		Debug|Any CPU = Debug|Any CPU
		Release|Any CPU = Release|Any CPU
	EndGlobalSection
	GlobalSection(ProjectConfigurationPlatforms) = postSolution
		{5307CF18-4A7A-4BC3-BB94-58171BC91F8C}.Debug|Any CPU.ActiveCfg = Debug|Any CPU
		{5307CF18-4A7A-4BC3-BB94-58171BC91F8C}.Debug|Any CPU.Build.0 = Debug|Any CPU
		{5307CF18-4A7A-4BC3-BB94-58171BC91F8C}.Release|Any CPU.ActiveCfg = Release|Any CPU
		{5307CF18-4A7A-4BC3-BB94-58171BC91F8C}.Release|Any CPU.Build.0 = Release|Any CPU
		{A4225924-1CF1-47B1-A910-CFC1DBEEA32F}.Debug|Any CPU.ActiveCfg = Debug|Any CPU
		{A4225924-1CF1-47B1-A910-CFC1DBEEA32F}.Debug|Any CPU.Build.0 = Debug|Any CPU
		{A4225924-1CF1-47B1-A910-CFC1DBEEA32F}.Release|Any CPU.ActiveCfg = Release|Any CPU
		{A4225924-1CF1-47B1-A910-CFC1DBEEA32F}.Release|Any CPU.Build.0 = Release|Any CPU
		{619C1631-CF09-4C35-8C16-3241F2D495C1}.Debug|Any CPU.ActiveCfg = Debug|Any CPU
		{619C1631-CF09-4C35-8C16-3241F2D495C1}.Debug|Any CPU.Build.0 = Debug|Any CPU
		{619C1631-CF09-4C35-8C16-3241F2D495C1}.Release|Any CPU.ActiveCfg = Release|Any CPU
		{619C1631-CF09-4C35-8C16-3241F2D495C1}.Release|Any CPU.Build.0 = Release|Any CPU
		{C4F96AB2-F291-42E2-A03D-28DD0056069D}.Debug|Any CPU.ActiveCfg = Debug|Any CPU
		{C4F96AB2-F291-42E2-A03D-28DD0056069D}.Debug|Any CPU.Build.0 = Debug|Any CPU
		{C4F96AB2-F291-42E2-A03D-28DD0056069D}.Release|Any CPU.ActiveCfg = Release|Any CPU
		{C4F96AB2-F291-42E2-A03D-28DD0056069D}.Release|Any CPU.Build.0 = Release|Any CPU
		{E59CD19A-C1F0-403C-BF3B-C36EE938E99C}.Debug|Any CPU.ActiveCfg = Debug|Any CPU
		{E59CD19A-C1F0-403C-BF3B-C36EE938E99C}.Debug|Any CPU.Build.0 = Debug|Any CPU
		{E59CD19A-C1F0-403C-BF3B-C36EE938E99C}.Release|Any CPU.ActiveCfg = Release|Any CPU
		{E59CD19A-C1F0-403C-BF3B-C36EE938E99C}.Release|Any CPU.Build.0 = Release|Any CPU
		{B066E513-6B84-48CE-AF72-0B81AA711219}.Debug|Any CPU.ActiveCfg = Debug|Any CPU
		{B066E513-6B84-48CE-AF72-0B81AA711219}.Debug|Any CPU.Build.0 = Debug|Any CPU
		{B066E513-6B84-48CE-AF72-0B81AA711219}.Release|Any CPU.ActiveCfg = Release|Any CPU
		{B066E513-6B84-48CE-AF72-0B81AA711219}.Release|Any CPU.Build.0 = Release|Any CPU
		{BB821EA4-D7E7-4CCF-B7A4-CA686CD9BB22}.Debug|Any CPU.ActiveCfg = Debug|Any CPU
		{BB821EA4-D7E7-4CCF-B7A4-CA686CD9BB22}.Debug|Any CPU.Build.0 = Debug|Any CPU
		{BB821EA4-D7E7-4CCF-B7A4-CA686CD9BB22}.Release|Any CPU.ActiveCfg = Release|Any CPU
		{BB821EA4-D7E7-4CCF-B7A4-CA686CD9BB22}.Release|Any CPU.Build.0 = Release|Any CPU
		{954175D4-8D39-429A-8D71-1B0D67FAF5CA}.Debug|Any CPU.ActiveCfg = Debug|Any CPU
		{954175D4-8D39-429A-8D71-1B0D67FAF5CA}.Debug|Any CPU.Build.0 = Debug|Any CPU
		{954175D4-8D39-429A-8D71-1B0D67FAF5CA}.Release|Any CPU.ActiveCfg = Release|Any CPU
		{954175D4-8D39-429A-8D71-1B0D67FAF5CA}.Release|Any CPU.Build.0 = Release|Any CPU
		{E5A43607-8239-4EE8-87F0-9C77F53652B4}.Debug|Any CPU.ActiveCfg = Debug|Any CPU
		{E5A43607-8239-4EE8-87F0-9C77F53652B4}.Debug|Any CPU.Build.0 = Debug|Any CPU
		{E5A43607-8239-4EE8-87F0-9C77F53652B4}.Release|Any CPU.ActiveCfg = Release|Any CPU
		{E5A43607-8239-4EE8-87F0-9C77F53652B4}.Release|Any CPU.Build.0 = Release|Any CPU
		{297BC280-6407-47D4-8659-1EB3E520DCF9}.Debug|Any CPU.ActiveCfg = Debug|Any CPU
		{297BC280-6407-47D4-8659-1EB3E520DCF9}.Debug|Any CPU.Build.0 = Debug|Any CPU
		{297BC280-6407-47D4-8659-1EB3E520DCF9}.Release|Any CPU.ActiveCfg = Release|Any CPU
		{297BC280-6407-47D4-8659-1EB3E520DCF9}.Release|Any CPU.Build.0 = Release|Any CPU
	EndGlobalSection
	GlobalSection(SolutionProperties) = preSolution
		HideSolutionNode = FALSE
	EndGlobalSection
	GlobalSection(NestedProjects) = preSolution
		{60056C24-0F7E-4AE9-9E03-7B31EC703D6A} = {B41B599A-4FC8-4F84-BC0E-E22E5887EDBC}
		{988215C1-15C2-4D9F-8C88-1F11EA544D91} = {B41B599A-4FC8-4F84-BC0E-E22E5887EDBC}
		{E91AB898-3936-44AB-AF4F-869AAF1B1BAE} = {B41B599A-4FC8-4F84-BC0E-E22E5887EDBC}
		{C42E1427-3BD6-42AB-A6CE-78B87255E374} = {B41B599A-4FC8-4F84-BC0E-E22E5887EDBC}
		{90AB3D8F-4A06-47A1-BC0C-82E35E946691} = {B41B599A-4FC8-4F84-BC0E-E22E5887EDBC}
		{8DCB473F-DF18-4627-8DAE-F4F75D103CD7} = {B41B599A-4FC8-4F84-BC0E-E22E5887EDBC}
		{87E55B5A-5151-472E-910B-F9290B70DF7B} = {B41B599A-4FC8-4F84-BC0E-E22E5887EDBC}
		{5307CF18-4A7A-4BC3-BB94-58171BC91F8C} = {60056C24-0F7E-4AE9-9E03-7B31EC703D6A}
		{A4225924-1CF1-47B1-A910-CFC1DBEEA32F} = {8DCB473F-DF18-4627-8DAE-F4F75D103CD7}
		{619C1631-CF09-4C35-8C16-3241F2D495C1} = {988215C1-15C2-4D9F-8C88-1F11EA544D91}
		{C4F96AB2-F291-42E2-A03D-28DD0056069D} = {988215C1-15C2-4D9F-8C88-1F11EA544D91}
		{E59CD19A-C1F0-403C-BF3B-C36EE938E99C} = {E91AB898-3936-44AB-AF4F-869AAF1B1BAE}
		{B066E513-6B84-48CE-AF72-0B81AA711219} = {C42E1427-3BD6-42AB-A6CE-78B87255E374}
		{BB821EA4-D7E7-4CCF-B7A4-CA686CD9BB22} = {C42E1427-3BD6-42AB-A6CE-78B87255E374}
		{954175D4-8D39-429A-8D71-1B0D67FAF5CA} = {E91AB898-3936-44AB-AF4F-869AAF1B1BAE}
		{E5A43607-8239-4EE8-87F0-9C77F53652B4} = {E91AB898-3936-44AB-AF4F-869AAF1B1BAE}
		{297BC280-6407-47D4-8659-1EB3E520DCF9} = {90AB3D8F-4A06-47A1-BC0C-82E35E946691}
	EndGlobalSection
EndGlobal
